// !$*UTF8*$!
{
	archiveVersion = 1;
	classes = {
	};
	objectVersion = 46;
	objects = {

/* Begin PBXBuildFile section */
		6149B63F1E265B3F005120DF /* SpielmodusViewController.swift in Sources */ = {isa = PBXBuildFile; fileRef = 6149B63E1E265B3F005120DF /* SpielmodusViewController.swift */; };
		6149B6411E27D978005120DF /* NeuesSpielMenüViewController.swift in Sources */ = {isa = PBXBuildFile; fileRef = 6149B6401E27D978005120DF /* NeuesSpielMenüViewController.swift */; };
		88274DBF1E23B9DE0092B516 /* AudioToolbox.framework in Frameworks */ = {isa = PBXBuildFile; fileRef = 88274DBE1E23B9DE0092B516 /* AudioToolbox.framework */; };
		88274DC11E23B9E80092B516 /* CFNetwork.framework in Frameworks */ = {isa = PBXBuildFile; fileRef = 88274DC01E23B9E80092B516 /* CFNetwork.framework */; };
		88274DC31E23B9F20092B516 /* CoreGraphics.framework in Frameworks */ = {isa = PBXBuildFile; fileRef = 88274DC21E23B9F20092B516 /* CoreGraphics.framework */; };
		88274DC51E23B9FB0092B516 /* CoreLocation.framework in Frameworks */ = {isa = PBXBuildFile; fileRef = 88274DC41E23B9FB0092B516 /* CoreLocation.framework */; };
		88274DC71E23BA040092B516 /* QuartzCore.framework in Frameworks */ = {isa = PBXBuildFile; fileRef = 88274DC61E23BA040092B516 /* QuartzCore.framework */; };
		88274DC91E23BA0C0092B516 /* Security.framework in Frameworks */ = {isa = PBXBuildFile; fileRef = 88274DC81E23BA0C0092B516 /* Security.framework */; };
		88274DCB1E23BA150092B516 /* StoreKit.framework in Frameworks */ = {isa = PBXBuildFile; fileRef = 88274DCA1E23BA150092B516 /* StoreKit.framework */; };
		88274DCD1E23BA1D0092B516 /* SystemConfiguration.framework in Frameworks */ = {isa = PBXBuildFile; fileRef = 88274DCC1E23BA1D0092B516 /* SystemConfiguration.framework */; };
		88274DCF1E23BA250092B516 /* libz.tbd in Frameworks */ = {isa = PBXBuildFile; fileRef = 88274DCE1E23BA250092B516 /* libz.tbd */; };
		88274DD11E23BA2E0092B516 /* libsqlite3.tbd in Frameworks */ = {isa = PBXBuildFile; fileRef = 88274DD01E23BA2E0092B516 /* libsqlite3.tbd */; };
		8834B4E51E21090C00A89182 /* GewaehltesFachTableViewCell.swift in Sources */ = {isa = PBXBuildFile; fileRef = 8834B4E41E21090C00A89182 /* GewaehltesFachTableViewCell.swift */; };
		889502E71E200FA100A67A67 /* FragenErstellenViewController.swift in Sources */ = {isa = PBXBuildFile; fileRef = 889502E61E200FA100A67A67 /* FragenErstellenViewController.swift */; };
		889502E91E200FE500A67A67 /* LoginViewController.swift in Sources */ = {isa = PBXBuildFile; fileRef = 889502E81E200FE500A67A67 /* LoginViewController.swift */; };
		889502EC1E20126300A67A67 /* Bolts.framework in Frameworks */ = {isa = PBXBuildFile; fileRef = 889502EA1E20126300A67A67 /* Bolts.framework */; };
		889502ED1E20126300A67A67 /* Parse.framework in Frameworks */ = {isa = PBXBuildFile; fileRef = 889502EB1E20126300A67A67 /* Parse.framework */; };
		88E0EB6B1E1FFEFF006BAA78 /* AppDelegate.swift in Sources */ = {isa = PBXBuildFile; fileRef = 88E0EB6A1E1FFEFF006BAA78 /* AppDelegate.swift */; };
		88E0EB6D1E1FFEFF006BAA78 /* MeineFaecherViewController.swift in Sources */ = {isa = PBXBuildFile; fileRef = 88E0EB6C1E1FFEFF006BAA78 /* MeineFaecherViewController.swift */; };
		88E0EB721E1FFEFF006BAA78 /* Assets.xcassets in Resources */ = {isa = PBXBuildFile; fileRef = 88E0EB711E1FFEFF006BAA78 /* Assets.xcassets */; };
		88E0EB751E1FFEFF006BAA78 /* LaunchScreen.storyboard in Resources */ = {isa = PBXBuildFile; fileRef = 88E0EB731E1FFEFF006BAA78 /* LaunchScreen.storyboard */; };
		88E0EB7D1E1FFF1F006BAA78 /* Main.storyboard in Resources */ = {isa = PBXBuildFile; fileRef = 88E0EB7C1E1FFF1F006BAA78 /* Main.storyboard */; };
		88E0EB821E20004F006BAA78 /* Duell.swift in Sources */ = {isa = PBXBuildFile; fileRef = 88E0EB811E20004F006BAA78 /* Duell.swift */; };
		88E0EB841E200075006BAA78 /* Fach.swift in Sources */ = {isa = PBXBuildFile; fileRef = 88E0EB831E200075006BAA78 /* Fach.swift */; };
		88E0EB861E200089006BAA78 /* Fragekarte.swift in Sources */ = {isa = PBXBuildFile; fileRef = 88E0EB851E200089006BAA78 /* Fragekarte.swift */; };
		88E0EBAE1E2002E6006BAA78 /* AlleFaecherViewController.swift in Sources */ = {isa = PBXBuildFile; fileRef = 88E0EBAD1E2002E6006BAA78 /* AlleFaecherViewController.swift */; };
		88E0EBB01E200335006BAA78 /* FachTableViewCell.swift in Sources */ = {isa = PBXBuildFile; fileRef = 88E0EBAF1E200335006BAA78 /* FachTableViewCell.swift */; };
		88E0EBB21E20035C006BAA78 /* CheckBoxView.swift in Sources */ = {isa = PBXBuildFile; fileRef = 88E0EBB11E20035C006BAA78 /* CheckBoxView.swift */; };
		88E0EBB61E2003C4006BAA78 /* DuellViewController.swift in Sources */ = {isa = PBXBuildFile; fileRef = 88E0EBB51E2003C4006BAA78 /* DuellViewController.swift */; };
		88E0EBB81E2003FE006BAA78 /* EinzelSpielerViewController.swift in Sources */ = {isa = PBXBuildFile; fileRef = 88E0EBB71E2003FE006BAA78 /* EinzelSpielerViewController.swift */; };
/* End PBXBuildFile section */

/* Begin PBXFileReference section */
		6149B63E1E265B3F005120DF /* SpielmodusViewController.swift */ = {isa = PBXFileReference; fileEncoding = 4; lastKnownFileType = sourcecode.swift; path = SpielmodusViewController.swift; sourceTree = "<group>"; };
		6149B6401E27D978005120DF /* NeuesSpielMenüViewController.swift */ = {isa = PBXFileReference; fileEncoding = 4; lastKnownFileType = sourcecode.swift; path = "NeuesSpielMenüViewController.swift"; sourceTree = "<group>"; };
		88274DBE1E23B9DE0092B516 /* AudioToolbox.framework */ = {isa = PBXFileReference; lastKnownFileType = wrapper.framework; name = AudioToolbox.framework; path = System/Library/Frameworks/AudioToolbox.framework; sourceTree = SDKROOT; };
		88274DC01E23B9E80092B516 /* CFNetwork.framework */ = {isa = PBXFileReference; lastKnownFileType = wrapper.framework; name = CFNetwork.framework; path = System/Library/Frameworks/CFNetwork.framework; sourceTree = SDKROOT; };
		88274DC21E23B9F20092B516 /* CoreGraphics.framework */ = {isa = PBXFileReference; lastKnownFileType = wrapper.framework; name = CoreGraphics.framework; path = System/Library/Frameworks/CoreGraphics.framework; sourceTree = SDKROOT; };
		88274DC41E23B9FB0092B516 /* CoreLocation.framework */ = {isa = PBXFileReference; lastKnownFileType = wrapper.framework; name = CoreLocation.framework; path = System/Library/Frameworks/CoreLocation.framework; sourceTree = SDKROOT; };
		88274DC61E23BA040092B516 /* QuartzCore.framework */ = {isa = PBXFileReference; lastKnownFileType = wrapper.framework; name = QuartzCore.framework; path = System/Library/Frameworks/QuartzCore.framework; sourceTree = SDKROOT; };
		88274DC81E23BA0C0092B516 /* Security.framework */ = {isa = PBXFileReference; lastKnownFileType = wrapper.framework; name = Security.framework; path = System/Library/Frameworks/Security.framework; sourceTree = SDKROOT; };
		88274DCA1E23BA150092B516 /* StoreKit.framework */ = {isa = PBXFileReference; lastKnownFileType = wrapper.framework; name = StoreKit.framework; path = System/Library/Frameworks/StoreKit.framework; sourceTree = SDKROOT; };
		88274DCC1E23BA1D0092B516 /* SystemConfiguration.framework */ = {isa = PBXFileReference; lastKnownFileType = wrapper.framework; name = SystemConfiguration.framework; path = System/Library/Frameworks/SystemConfiguration.framework; sourceTree = SDKROOT; };
		88274DCE1E23BA250092B516 /* libz.tbd */ = {isa = PBXFileReference; lastKnownFileType = "sourcecode.text-based-dylib-definition"; name = libz.tbd; path = usr/lib/libz.tbd; sourceTree = SDKROOT; };
		88274DD01E23BA2E0092B516 /* libsqlite3.tbd */ = {isa = PBXFileReference; lastKnownFileType = "sourcecode.text-based-dylib-definition"; name = libsqlite3.tbd; path = usr/lib/libsqlite3.tbd; sourceTree = SDKROOT; };
		8834B4E41E21090C00A89182 /* GewaehltesFachTableViewCell.swift */ = {isa = PBXFileReference; fileEncoding = 4; lastKnownFileType = sourcecode.swift; path = GewaehltesFachTableViewCell.swift; sourceTree = "<group>"; };
		889502E61E200FA100A67A67 /* FragenErstellenViewController.swift */ = {isa = PBXFileReference; fileEncoding = 4; lastKnownFileType = sourcecode.swift; path = FragenErstellenViewController.swift; sourceTree = "<group>"; };
		889502E81E200FE500A67A67 /* LoginViewController.swift */ = {isa = PBXFileReference; fileEncoding = 4; lastKnownFileType = sourcecode.swift; path = LoginViewController.swift; sourceTree = "<group>"; };
		889502EA1E20126300A67A67 /* Bolts.framework */ = {isa = PBXFileReference; lastKnownFileType = wrapper.framework; path = Bolts.framework; sourceTree = "<group>"; };
		889502EB1E20126300A67A67 /* Parse.framework */ = {isa = PBXFileReference; lastKnownFileType = wrapper.framework; path = Parse.framework; sourceTree = "<group>"; };
		88E0EB671E1FFEFF006BAA78 /* Lernquiz.app */ = {isa = PBXFileReference; explicitFileType = wrapper.application; includeInIndex = 0; path = Lernquiz.app; sourceTree = BUILT_PRODUCTS_DIR; };
		88E0EB6A1E1FFEFF006BAA78 /* AppDelegate.swift */ = {isa = PBXFileReference; lastKnownFileType = sourcecode.swift; path = AppDelegate.swift; sourceTree = "<group>"; };
		88E0EB6C1E1FFEFF006BAA78 /* MeineFaecherViewController.swift */ = {isa = PBXFileReference; lastKnownFileType = sourcecode.swift; path = MeineFaecherViewController.swift; sourceTree = "<group>"; };
		88E0EB711E1FFEFF006BAA78 /* Assets.xcassets */ = {isa = PBXFileReference; lastKnownFileType = folder.assetcatalog; path = Assets.xcassets; sourceTree = "<group>"; };
		88E0EB741E1FFEFF006BAA78 /* Base */ = {isa = PBXFileReference; lastKnownFileType = file.storyboard; name = Base; path = Base.lproj/LaunchScreen.storyboard; sourceTree = "<group>"; };
		88E0EB761E1FFEFF006BAA78 /* Info.plist */ = {isa = PBXFileReference; lastKnownFileType = text.plist.xml; path = Info.plist; sourceTree = "<group>"; };
		88E0EB7C1E1FFF1F006BAA78 /* Main.storyboard */ = {isa = PBXFileReference; fileEncoding = 4; lastKnownFileType = file.storyboard; path = Main.storyboard; sourceTree = "<group>"; };
		88E0EB811E20004F006BAA78 /* Duell.swift */ = {isa = PBXFileReference; fileEncoding = 4; lastKnownFileType = sourcecode.swift; path = Duell.swift; sourceTree = "<group>"; };
		88E0EB831E200075006BAA78 /* Fach.swift */ = {isa = PBXFileReference; fileEncoding = 4; lastKnownFileType = sourcecode.swift; path = Fach.swift; sourceTree = "<group>"; };
		88E0EB851E200089006BAA78 /* Fragekarte.swift */ = {isa = PBXFileReference; fileEncoding = 4; lastKnownFileType = sourcecode.swift; path = Fragekarte.swift; sourceTree = "<group>"; };
		88E0EBAD1E2002E6006BAA78 /* AlleFaecherViewController.swift */ = {isa = PBXFileReference; fileEncoding = 4; lastKnownFileType = sourcecode.swift; path = AlleFaecherViewController.swift; sourceTree = "<group>"; };
		88E0EBAF1E200335006BAA78 /* FachTableViewCell.swift */ = {isa = PBXFileReference; fileEncoding = 4; lastKnownFileType = sourcecode.swift; path = FachTableViewCell.swift; sourceTree = "<group>"; };
		88E0EBB11E20035C006BAA78 /* CheckBoxView.swift */ = {isa = PBXFileReference; fileEncoding = 4; lastKnownFileType = sourcecode.swift; path = CheckBoxView.swift; sourceTree = "<group>"; };
		88E0EBB51E2003C4006BAA78 /* DuellViewController.swift */ = {isa = PBXFileReference; fileEncoding = 4; lastKnownFileType = sourcecode.swift; path = DuellViewController.swift; sourceTree = "<group>"; };
		88E0EBB71E2003FE006BAA78 /* EinzelSpielerViewController.swift */ = {isa = PBXFileReference; fileEncoding = 4; lastKnownFileType = sourcecode.swift; path = EinzelSpielerViewController.swift; sourceTree = "<group>"; };
/* End PBXFileReference section */

/* Begin PBXFrameworksBuildPhase section */
		88E0EB641E1FFEFF006BAA78 /* Frameworks */ = {
			isa = PBXFrameworksBuildPhase;
			buildActionMask = 2147483647;
			files = (
				88274DD11E23BA2E0092B516 /* libsqlite3.tbd in Frameworks */,
				88274DCF1E23BA250092B516 /* libz.tbd in Frameworks */,
				88274DCD1E23BA1D0092B516 /* SystemConfiguration.framework in Frameworks */,
				88274DCB1E23BA150092B516 /* StoreKit.framework in Frameworks */,
				88274DC91E23BA0C0092B516 /* Security.framework in Frameworks */,
				88274DC71E23BA040092B516 /* QuartzCore.framework in Frameworks */,
				88274DC51E23B9FB0092B516 /* CoreLocation.framework in Frameworks */,
				88274DC31E23B9F20092B516 /* CoreGraphics.framework in Frameworks */,
				88274DC11E23B9E80092B516 /* CFNetwork.framework in Frameworks */,
				88274DBF1E23B9DE0092B516 /* AudioToolbox.framework in Frameworks */,
				889502ED1E20126300A67A67 /* Parse.framework in Frameworks */,
				889502EC1E20126300A67A67 /* Bolts.framework in Frameworks */,
			);
			runOnlyForDeploymentPostprocessing = 0;
		};
/* End PBXFrameworksBuildPhase section */

/* Begin PBXGroup section */
		618ADDD41E2551F600F69012 /* FaecherVCs & TVCs */ = {
			isa = PBXGroup;
			children = (
				618ADDD61E25522200F69012 /* TVCs */,
				618ADDD51E25520F00F69012 /* VCs */,
			);
			name = "FaecherVCs & TVCs";
			sourceTree = "<group>";
		};
		618ADDD51E25520F00F69012 /* VCs */ = {
			isa = PBXGroup;
			children = (
				88E0EBAD1E2002E6006BAA78 /* AlleFaecherViewController.swift */,
				6149B6401E27D978005120DF /* NeuesSpielMenüViewController.swift */,
				88E0EB6C1E1FFEFF006BAA78 /* MeineFaecherViewController.swift */,
			);
			name = VCs;
			sourceTree = "<group>";
		};
		618ADDD61E25522200F69012 /* TVCs */ = {
			isa = PBXGroup;
			children = (
				88E0EBAF1E200335006BAA78 /* FachTableViewCell.swift */,
				8834B4E41E21090C00A89182 /* GewaehltesFachTableViewCell.swift */,
			);
			name = TVCs;
			sourceTree = "<group>";
		};
		88E0EB5E1E1FFEFF006BAA78 = {
			isa = PBXGroup;
			children = (
				88E0EB691E1FFEFF006BAA78 /* Lernquiz */,
				88E0EB681E1FFEFF006BAA78 /* Products */,
				88E0EBBD1E20063D006BAA78 /* Frameworks */,
			);
			sourceTree = "<group>";
		};
		88E0EB681E1FFEFF006BAA78 /* Products */ = {
			isa = PBXGroup;
			children = (
				88E0EB671E1FFEFF006BAA78 /* Lernquiz.app */,
			);
			name = Products;
			sourceTree = "<group>";
		};
		88E0EB691E1FFEFF006BAA78 /* Lernquiz */ = {
			isa = PBXGroup;
			children = (
				88E0EB7E1E1FFFAD006BAA78 /* Model */,
				88E0EB7F1E1FFFB4006BAA78 /* View */,
				88E0EB801E1FFFBB006BAA78 /* Controller */,
				88E0EB6A1E1FFEFF006BAA78 /* AppDelegate.swift */,
				88E0EB761E1FFEFF006BAA78 /* Info.plist */,
			);
			path = Lernquiz;
			sourceTree = "<group>";
		};
		88E0EB7E1E1FFFAD006BAA78 /* Model */ = {
			isa = PBXGroup;
			children = (
				88E0EB811E20004F006BAA78 /* Duell.swift */,
				88E0EB831E200075006BAA78 /* Fach.swift */,
				88E0EB851E200089006BAA78 /* Fragekarte.swift */,
			);
			name = Model;
			sourceTree = "<group>";
		};
		88E0EB7F1E1FFFB4006BAA78 /* View */ = {
			isa = PBXGroup;
			children = (
				88E0EB7C1E1FFF1F006BAA78 /* Main.storyboard */,
				88E0EB711E1FFEFF006BAA78 /* Assets.xcassets */,
				88E0EB731E1FFEFF006BAA78 /* LaunchScreen.storyboard */,
				88E0EBB11E20035C006BAA78 /* CheckBoxView.swift */,
			);
			name = View;
			sourceTree = "<group>";
		};
		88E0EB801E1FFFBB006BAA78 /* Controller */ = {
			isa = PBXGroup;
			children = (
				889502E81E200FE500A67A67 /* LoginViewController.swift */,
				618ADDD41E2551F600F69012 /* FaecherVCs & TVCs */,
				88E0EBB51E2003C4006BAA78 /* DuellViewController.swift */,
				88E0EBB71E2003FE006BAA78 /* EinzelSpielerViewController.swift */,
				889502E61E200FA100A67A67 /* FragenErstellenViewController.swift */,
				6149B63E1E265B3F005120DF /* SpielmodusViewController.swift */,
			);
			name = Controller;
			sourceTree = "<group>";
		};
		88E0EBBD1E20063D006BAA78 /* Frameworks */ = {
			isa = PBXGroup;
			children = (
				88274DD01E23BA2E0092B516 /* libsqlite3.tbd */,
				88274DCE1E23BA250092B516 /* libz.tbd */,
				88274DCC1E23BA1D0092B516 /* SystemConfiguration.framework */,
				88274DCA1E23BA150092B516 /* StoreKit.framework */,
				88274DC81E23BA0C0092B516 /* Security.framework */,
				88274DC61E23BA040092B516 /* QuartzCore.framework */,
				88274DC41E23B9FB0092B516 /* CoreLocation.framework */,
				88274DC21E23B9F20092B516 /* CoreGraphics.framework */,
				88274DC01E23B9E80092B516 /* CFNetwork.framework */,
				88274DBE1E23B9DE0092B516 /* AudioToolbox.framework */,
				889502EA1E20126300A67A67 /* Bolts.framework */,
				889502EB1E20126300A67A67 /* Parse.framework */,
			);
			name = Frameworks;
			path = Lernquiz;
			sourceTree = "<group>";
		};
/* End PBXGroup section */

/* Begin PBXNativeTarget section */
		88E0EB661E1FFEFF006BAA78 /* Lernquiz */ = {
			isa = PBXNativeTarget;
			buildConfigurationList = 88E0EB791E1FFEFF006BAA78 /* Build configuration list for PBXNativeTarget "Lernquiz" */;
			buildPhases = (
				88E0EB631E1FFEFF006BAA78 /* Sources */,
				88E0EB641E1FFEFF006BAA78 /* Frameworks */,
				88E0EB651E1FFEFF006BAA78 /* Resources */,
			);
			buildRules = (
			);
			dependencies = (
			);
			name = Lernquiz;
			productName = Lernquiz;
			productReference = 88E0EB671E1FFEFF006BAA78 /* Lernquiz.app */;
			productType = "com.apple.product-type.application";
		};
/* End PBXNativeTarget section */

/* Begin PBXProject section */
		88E0EB5F1E1FFEFF006BAA78 /* Project object */ = {
			isa = PBXProject;
			attributes = {
				LastSwiftUpdateCheck = 0820;
				LastUpgradeCheck = 0820;
				ORGANIZATIONNAME = "iOS Praktikum";
				TargetAttributes = {
					88E0EB661E1FFEFF006BAA78 = {
						CreatedOnToolsVersion = 8.2;
						DevelopmentTeam = 7NW58L4LF8;
						ProvisioningStyle = Automatic;
					};
				};
			};
			buildConfigurationList = 88E0EB621E1FFEFF006BAA78 /* Build configuration list for PBXProject "Lernquiz" */;
			compatibilityVersion = "Xcode 3.2";
			developmentRegion = English;
			hasScannedForEncodings = 0;
			knownRegions = (
				en,
				Base,
			);
			mainGroup = 88E0EB5E1E1FFEFF006BAA78;
			productRefGroup = 88E0EB681E1FFEFF006BAA78 /* Products */;
			projectDirPath = "";
			projectRoot = "";
			targets = (
				88E0EB661E1FFEFF006BAA78 /* Lernquiz */,
			);
		};
/* End PBXProject section */

/* Begin PBXResourcesBuildPhase section */
		88E0EB651E1FFEFF006BAA78 /* Resources */ = {
			isa = PBXResourcesBuildPhase;
			buildActionMask = 2147483647;
			files = (
				88E0EB751E1FFEFF006BAA78 /* LaunchScreen.storyboard in Resources */,
				88E0EB721E1FFEFF006BAA78 /* Assets.xcassets in Resources */,
				88E0EB7D1E1FFF1F006BAA78 /* Main.storyboard in Resources */,
			);
			runOnlyForDeploymentPostprocessing = 0;
		};
/* End PBXResourcesBuildPhase section */

/* Begin PBXSourcesBuildPhase section */
		88E0EB631E1FFEFF006BAA78 /* Sources */ = {
			isa = PBXSourcesBuildPhase;
			buildActionMask = 2147483647;
			files = (
				88E0EB861E200089006BAA78 /* Fragekarte.swift in Sources */,
				88E0EB6D1E1FFEFF006BAA78 /* MeineFaecherViewController.swift in Sources */,
				88E0EBAE1E2002E6006BAA78 /* AlleFaecherViewController.swift in Sources */,
				6149B63F1E265B3F005120DF /* SpielmodusViewController.swift in Sources */,
				88E0EB6B1E1FFEFF006BAA78 /* AppDelegate.swift in Sources */,
				88E0EBB21E20035C006BAA78 /* CheckBoxView.swift in Sources */,
				88E0EB821E20004F006BAA78 /* Duell.swift in Sources */,
				88E0EBB61E2003C4006BAA78 /* DuellViewController.swift in Sources */,
				88E0EB841E200075006BAA78 /* Fach.swift in Sources */,
				889502E71E200FA100A67A67 /* FragenErstellenViewController.swift in Sources */,
				6149B6411E27D978005120DF /* NeuesSpielMenüViewController.swift in Sources */,
				8834B4E51E21090C00A89182 /* GewaehltesFachTableViewCell.swift in Sources */,
				88E0EBB81E2003FE006BAA78 /* EinzelSpielerViewController.swift in Sources */,
				88E0EBB01E200335006BAA78 /* FachTableViewCell.swift in Sources */,
				889502E91E200FE500A67A67 /* LoginViewController.swift in Sources */,
			);
			runOnlyForDeploymentPostprocessing = 0;
		};
/* End PBXSourcesBuildPhase section */

/* Begin PBXVariantGroup section */
		88E0EB731E1FFEFF006BAA78 /* LaunchScreen.storyboard */ = {
			isa = PBXVariantGroup;
			children = (
				88E0EB741E1FFEFF006BAA78 /* Base */,
			);
			name = LaunchScreen.storyboard;
			sourceTree = "<group>";
		};
/* End PBXVariantGroup section */

/* Begin XCBuildConfiguration section */
		88E0EB771E1FFEFF006BAA78 /* Debug */ = {
			isa = XCBuildConfiguration;
			buildSettings = {
				ALWAYS_SEARCH_USER_PATHS = NO;
				CLANG_ANALYZER_NONNULL = YES;
				CLANG_CXX_LANGUAGE_STANDARD = "gnu++0x";
				CLANG_CXX_LIBRARY = "libc++";
				CLANG_ENABLE_MODULES = YES;
				CLANG_ENABLE_OBJC_ARC = YES;
				CLANG_WARN_BOOL_CONVERSION = YES;
				CLANG_WARN_CONSTANT_CONVERSION = YES;
				CLANG_WARN_DIRECT_OBJC_ISA_USAGE = YES_ERROR;
				CLANG_WARN_DOCUMENTATION_COMMENTS = YES;
				CLANG_WARN_EMPTY_BODY = YES;
				CLANG_WARN_ENUM_CONVERSION = YES;
				CLANG_WARN_INFINITE_RECURSION = YES;
				CLANG_WARN_INT_CONVERSION = YES;
				CLANG_WARN_OBJC_ROOT_CLASS = YES_ERROR;
				CLANG_WARN_SUSPICIOUS_MOVE = YES;
				CLANG_WARN_UNREACHABLE_CODE = YES;
				CLANG_WARN__DUPLICATE_METHOD_MATCH = YES;
				"CODE_SIGN_IDENTITY[sdk=iphoneos*]" = "iPhone Developer";
				COPY_PHASE_STRIP = NO;
				DEBUG_INFORMATION_FORMAT = dwarf;
				ENABLE_STRICT_OBJC_MSGSEND = YES;
				ENABLE_TESTABILITY = YES;
				GCC_C_LANGUAGE_STANDARD = gnu99;
				GCC_DYNAMIC_NO_PIC = NO;
				GCC_NO_COMMON_BLOCKS = YES;
				GCC_OPTIMIZATION_LEVEL = 0;
				GCC_PREPROCESSOR_DEFINITIONS = (
					"DEBUG=1",
					"$(inherited)",
				);
				GCC_WARN_64_TO_32_BIT_CONVERSION = YES;
				GCC_WARN_ABOUT_RETURN_TYPE = YES_ERROR;
				GCC_WARN_UNDECLARED_SELECTOR = YES;
				GCC_WARN_UNINITIALIZED_AUTOS = YES_AGGRESSIVE;
				GCC_WARN_UNUSED_FUNCTION = YES;
				GCC_WARN_UNUSED_VARIABLE = YES;
				IPHONEOS_DEPLOYMENT_TARGET = 10.2;
				MTL_ENABLE_DEBUG_INFO = YES;
				ONLY_ACTIVE_ARCH = YES;
				SDKROOT = iphoneos;
				SWIFT_ACTIVE_COMPILATION_CONDITIONS = DEBUG;
				SWIFT_OPTIMIZATION_LEVEL = "-Onone";
			};
			name = Debug;
		};
		88E0EB781E1FFEFF006BAA78 /* Release */ = {
			isa = XCBuildConfiguration;
			buildSettings = {
				ALWAYS_SEARCH_USER_PATHS = NO;
				CLANG_ANALYZER_NONNULL = YES;
				CLANG_CXX_LANGUAGE_STANDARD = "gnu++0x";
				CLANG_CXX_LIBRARY = "libc++";
				CLANG_ENABLE_MODULES = YES;
				CLANG_ENABLE_OBJC_ARC = YES;
				CLANG_WARN_BOOL_CONVERSION = YES;
				CLANG_WARN_CONSTANT_CONVERSION = YES;
				CLANG_WARN_DIRECT_OBJC_ISA_USAGE = YES_ERROR;
				CLANG_WARN_DOCUMENTATION_COMMENTS = YES;
				CLANG_WARN_EMPTY_BODY = YES;
				CLANG_WARN_ENUM_CONVERSION = YES;
				CLANG_WARN_INFINITE_RECURSION = YES;
				CLANG_WARN_INT_CONVERSION = YES;
				CLANG_WARN_OBJC_ROOT_CLASS = YES_ERROR;
				CLANG_WARN_SUSPICIOUS_MOVE = YES;
				CLANG_WARN_UNREACHABLE_CODE = YES;
				CLANG_WARN__DUPLICATE_METHOD_MATCH = YES;
				"CODE_SIGN_IDENTITY[sdk=iphoneos*]" = "iPhone Developer";
				COPY_PHASE_STRIP = NO;
				DEBUG_INFORMATION_FORMAT = "dwarf-with-dsym";
				ENABLE_NS_ASSERTIONS = NO;
				ENABLE_STRICT_OBJC_MSGSEND = YES;
				GCC_C_LANGUAGE_STANDARD = gnu99;
				GCC_NO_COMMON_BLOCKS = YES;
				GCC_WARN_64_TO_32_BIT_CONVERSION = YES;
				GCC_WARN_ABOUT_RETURN_TYPE = YES_ERROR;
				GCC_WARN_UNDECLARED_SELECTOR = YES;
				GCC_WARN_UNINITIALIZED_AUTOS = YES_AGGRESSIVE;
				GCC_WARN_UNUSED_FUNCTION = YES;
				GCC_WARN_UNUSED_VARIABLE = YES;
				IPHONEOS_DEPLOYMENT_TARGET = 10.2;
				MTL_ENABLE_DEBUG_INFO = NO;
				SDKROOT = iphoneos;
				SWIFT_OPTIMIZATION_LEVEL = "-Owholemodule";
				VALIDATE_PRODUCT = YES;
			};
			name = Release;
		};
		88E0EB7A1E1FFEFF006BAA78 /* Debug */ = {
			isa = XCBuildConfiguration;
			buildSettings = {
				ASSETCATALOG_COMPILER_APPICON_NAME = AppIcon;
				DEVELOPMENT_TEAM = 7NW58L4LF8;
				FRAMEWORK_SEARCH_PATHS = (
					"$(inherited)",
					"$(PROJECT_DIR)",
					"$(PROJECT_DIR)/Lernquiz",
				);
				INFOPLIST_FILE = Lernquiz/Info.plist;
				LD_RUNPATH_SEARCH_PATHS = "$(inherited) @executable_path/Frameworks";
				PRODUCT_BUNDLE_IDENTIFIER = de.emanuela.Lernquiz;
				PRODUCT_NAME = "$(TARGET_NAME)";
				SWIFT_VERSION = 3.0;
			};
			name = Debug;
		};
		88E0EB7B1E1FFEFF006BAA78 /* Release */ = {
			isa = XCBuildConfiguration;
			buildSettings = {
				ASSETCATALOG_COMPILER_APPICON_NAME = AppIcon;
				DEVELOPMENT_TEAM = 7NW58L4LF8;
				FRAMEWORK_SEARCH_PATHS = (
					"$(inherited)",
					"$(PROJECT_DIR)",
					"$(PROJECT_DIR)/Lernquiz",
				);
				INFOPLIST_FILE = Lernquiz/Info.plist;
				LD_RUNPATH_SEARCH_PATHS = "$(inherited) @executable_path/Frameworks";
				PRODUCT_BUNDLE_IDENTIFIER = de.emanuela.Lernquiz;
				PRODUCT_NAME = "$(TARGET_NAME)";
				SWIFT_VERSION = 3.0;
			};
			name = Release;
		};
/* End XCBuildConfiguration section */

/* Begin XCConfigurationList section */
		88E0EB621E1FFEFF006BAA78 /* Build configuration list for PBXProject "Lernquiz" */ = {
			isa = XCConfigurationList;
			buildConfigurations = (
				88E0EB771E1FFEFF006BAA78 /* Debug */,
				88E0EB781E1FFEFF006BAA78 /* Release */,
			);
			defaultConfigurationIsVisible = 0;
			defaultConfigurationName = Release;
		};
		88E0EB791E1FFEFF006BAA78 /* Build configuration list for PBXNativeTarget "Lernquiz" */ = {
			isa = XCConfigurationList;
			buildConfigurations = (
				88E0EB7A1E1FFEFF006BAA78 /* Debug */,
				88E0EB7B1E1FFEFF006BAA78 /* Release */,
			);
			defaultConfigurationIsVisible = 0;
			defaultConfigurationName = Release;
		};
/* End XCConfigurationList section */
	};
	rootObject = 88E0EB5F1E1FFEFF006BAA78 /* Project object */;
}
